lockfile_version: '1'
generated_at: '2026-08-31T17:17:42.488330+00:00'
apm_version: 0.29.0
dependencies:
- repo_url: ansanloms/skills
  name: ja-tech-proofread
  host: github.com
  resolved_commit: 8691bf94e16f4fb4b05647fd93598dd5c371aa87
  version: unknown
  virtual_path: ja-tech-proofread
  is_virtual: true
  package_type: claude_skill
  deployed_files:
  - .claude/skills/ja-tech-proofread
  - .claude/skills/ja-tech-proofread/README.md
  - .claude/skills/ja-tech-proofread/SKILL.md
  - .claude/skills/ja-tech-proofread/references/sources.md
  - .claude/skills/ja-tech-proofread/scripts/.gitignore
  - .claude/skills/ja-tech-proofread/scripts/.textlintrc.js
  - .claude/skills/ja-tech-proofread/scripts/README.md
  - .claude/skills/ja-tech-proofread/scripts/deno.json
  - .claude/skills/ja-tech-proofread/scripts/deno.lock
  - .claude/skills/ja-tech-proofread/scripts/textlint/textlint-rule-preset-ansanloms/index.js
  deployed_file_hashes:
    .claude/skills/ja-tech-proofread/README.md: sha256:f0f2e6944a2343d702d2c4a3a2ddc382b64b1a161231b966ee1b4f5d9e854b22
    .claude/skills/ja-tech-proofread/SKILL.md: sha256:e63ebda41dafc61654a25bcf48f49c8feb4d1bff26f5347d59eeb8ae49502a47
    .claude/skills/ja-tech-proofread/references/sources.md: sha256:7164f81c3686409e936a538ab32e58d7ac207b57c26039476fbaf6dd3c930176
    .claude/skills/ja-tech-proofread/scripts/.gitignore: sha256:70a213afeabe5ac38ae4c88b2c7002ce5068b91a3e57a032245ab809dc6fa460
    .claude/skills/ja-tech-proofread/scripts/.textlintrc.js: sha256:c219edd78f407353a6e1b06baa702bd5568110f102bf8de2c96f07a293ae3588
    .claude/skills/ja-tech-proofread/scripts/README.md: sha256:547b56d2f6819df12df79f4632752e06cb9d30b35b4d02c2180ab4a089410383
    .claude/skills/ja-tech-proofread/scripts/deno.json: sha256:2fa88d7523e8246d368841dcd1a82dcd6d315f662d17c846391991c7a8e2e950
    .claude/skills/ja-tech-proofread/scripts/deno.lock: sha256:41d31d6b0af3befefbba62c20b6023f61ee8b085db77dab87bc5c00e0f48fdac
    .claude/skills/ja-tech-proofread/scripts/textlint/textlint-rule-preset-ansanloms/index.js: sha256:cfcee3fcf441f25dc4f77ee13d7f2f3da755079d00c886779c38b97d887c512e
  content_hash: sha256:eeb6a569a565774c3b481637787da8031ce271a58c7ca29ed490a52ab73daa3a
  is_dev: true
- repo_url: mizchi/skills
  name: empirical-prompt-tuning
  host: github.com
  resolved_commit: d7999453cdb4e0e09df1c7f82fd23752539c546c
  version: unknown
  virtual_path: meta/empirical-prompt-tuning
  is_virtual: true
  package_type: claude_skill
  deployed_files:
  - .claude/skills/empirical-prompt-tuning
  - .claude/skills/empirical-prompt-tuning/README.md
  - .claude/skills/empirical-prompt-tuning/SKILL-ja.md
  - .claude/skills/empirical-prompt-tuning/SKILL.md
  deployed_file_hashes:
    .claude/skills/empirical-prompt-tuning/README.md: sha256:c7db7d27122bcffe416e5607700a7cd1778cad260d3e104c5bb6da7b7f976b3d
    .claude/skills/empirical-prompt-tuning/SKILL-ja.md: sha256:0a38d830802c2e08a7faca13928fedf6911e00b896946b4b03910d662de6dea5
    .claude/skills/empirical-prompt-tuning/SKILL.md: sha256:252418e7ef022981d2dda2e3ec57fa1c786d30af68c50b7e062edf1d7361b0cb
  content_hash: sha256:20e7fba93c7267ba6e3a7b27787ca49191b762dffcfb804b01da9183b1b0c891
  is_dev: true
deployments:
- kind: project-relative
  target: claude
  value: .claude/skills/empirical-prompt-tuning
  runtime: null
  scope: project
  owners:
  - mizchi/skills/meta/empirical-prompt-tuning
  active_owner: mizchi/skills/meta/empirical-prompt-tuning
  content_hash: null
- kind: project-relative
  target: claude
  value: .claude/skills/empirical-prompt-tuning/README.md
  runtime: null
  scope: project
  owners:
  - mizchi/skills/meta/empirical-prompt-tuning
  active_owner: mizchi/skills/meta/empirical-prompt-tuning
  content_hash: sha256:c7db7d27122bcffe416e5607700a7cd1778cad260d3e104c5bb6da7b7f976b3d
- kind: project-relative
  target: claude
  value: .claude/skills/empirical-prompt-tuning/SKILL-ja.md
  runtime: null
  scope: project
  owners:
  - mizchi/skills/meta/empirical-prompt-tuning
  active_owner: mizchi/skills/meta/empirical-prompt-tuning
  content_hash: sha256:0a38d830802c2e08a7faca13928fedf6911e00b896946b4b03910d662de6dea5
- kind: project-relative
  target: claude
  value: .claude/skills/empirical-prompt-tuning/SKILL.md
  runtime: null
  scope: project
  owners:
  - mizchi/skills/meta/empirical-prompt-tuning
  active_owner: mizchi/skills/meta/empirical-prompt-tuning
  content_hash: sha256:252418e7ef022981d2dda2e3ec57fa1c786d30af68c50b7e062edf1d7361b0cb
- kind: project-relative
  target: claude
  value: .claude/skills/ja-tech-proofread
  runtime: null
  scope: project
  owners:
  - ansanloms/skills/ja-tech-proofread
  active_owner: ansanloms/skills/ja-tech-proofread
  content_hash: null
- kind: project-relative
  target: claude
  value: .claude/skills/ja-tech-proofread/README.md
  runtime: null
  scope: project
  owners:
  - ansanloms/skills/ja-tech-proofread
  active_owner: ansanloms/skills/ja-tech-proofread
  content_hash: sha256:f0f2e6944a2343d702d2c4a3a2ddc382b64b1a161231b966ee1b4f5d9e854b22
- kind: project-relative
  target: claude
  value: .claude/skills/ja-tech-proofread/SKILL.md
  runtime: null
  scope: project
  owners:
  - ansanloms/skills/ja-tech-proofread
  active_owner: ansanloms/skills/ja-tech-proofread
  content_hash: sha256:e63ebda41dafc61654a25bcf48f49c8feb4d1bff26f5347d59eeb8ae49502a47
- kind: project-relative
  target: claude
  value: .claude/skills/ja-tech-proofread/references/sources.md
  runtime: null
  scope: project
  owners:
  - ansanloms/skills/ja-tech-proofread
  active_owner: ansanloms/skills/ja-tech-proofread
  content_hash: sha256:7164f81c3686409e936a538ab32e58d7ac207b57c26039476fbaf6dd3c930176
- kind: project-relative
  target: claude
  value: .claude/skills/ja-tech-proofread/scripts/.gitignore
  runtime: null
  scope: project
  owners:
  - ansanloms/skills/ja-tech-proofread
  active_owner: ansanloms/skills/ja-tech-proofread
  content_hash: sha256:70a213afeabe5ac38ae4c88b2c7002ce5068b91a3e57a032245ab809dc6fa460
- kind: project-relative
  target: claude
  value: .claude/skills/ja-tech-proofread/scripts/.textlintrc.js
  runtime: null
  scope: project
  owners:
  - ansanloms/skills/ja-tech-proofread
  active_owner: ansanloms/skills/ja-tech-proofread
  content_hash: sha256:c219edd78f407353a6e1b06baa702bd5568110f102bf8de2c96f07a293ae3588
- kind: project-relative
  target: claude
  value: .claude/skills/ja-tech-proofread/scripts/README.md
  runtime: null
  scope: project
  owners:
  - ansanloms/skills/ja-tech-proofread
  active_owner: ansanloms/skills/ja-tech-proofread
  content_hash: sha256:547b56d2f6819df12df79f4632752e06cb9d30b35b4d02c2180ab4a089410383
- kind: project-relative
  target: claude
  value: .claude/skills/ja-tech-proofread/scripts/deno.json
  runtime: null
  scope: project
  owners:
  - ansanloms/skills/ja-tech-proofread
  active_owner: ansanloms/skills/ja-tech-proofread
  content_hash: sha256:2fa88d7523e8246d368841dcd1a82dcd6d315f662d17c846391991c7a8e2e950
- kind: project-relative
  target: claude
  value: .claude/skills/ja-tech-proofread/scripts/deno.lock
  runtime: null
  scope: project
  owners:
  - ansanloms/skills/ja-tech-proofread
  active_owner: ansanloms/skills/ja-tech-proofread
  content_hash: sha256:41d31d6b0af3befefbba62c20b6023f61ee8b085db77dab87bc5c00e0f48fdac
- kind: project-relative
  target: claude
  value: .claude/skills/ja-tech-proofread/scripts/textlint/textlint-rule-preset-ansanloms/index.js
  runtime: null
  scope: project
  owners:
  - ansanloms/skills/ja-tech-proofread
  active_owner: ansanloms/skills/ja-tech-proofread
  content_hash: sha256:cfcee3fcf441f25dc4f77ee13d7f2f3da755079d00c886779c38b97d887c512e
